
Microsoft Visual Studio Solution File, Format Version 12.00
# Visual Studio Version 17
VisualStudioVersion = 17.0.31903.59
MinimumVisualStudioVersion = 10.0.40219.1
Project("{2150E333-8FDC-42A3-9474-1A3956D46DE8}") = "src", "src", "{827E0CD3-B72D-47B6-A68D-7590B98EB39B}"
EndProject
Project("{FAE04EC0-301F-11D3-BF4B-00C04F79EFBC}") = "ImageToolkit.App", "src\ImageToolkit.App\ImageToolkit.App.csproj", "{33C8C79B-C88D-4332-975D-6ED9B3791211}"
EndProject
Project("{FAE04EC0-301F-11D3-BF4B-00C04F79EFBC}") = "ImageToolkit.Application", "src\ImageToolkit.Application\ImageToolkit.Application.csproj", "{1B326C55-987D-4A6C-ACEC-1FCEE64CF03B}"
EndProject
Project("{FAE04EC0-301F-11D3-BF4B-00C04F79EFBC}") = "ImageToolkit.Domain", "src\ImageToolkit.Domain\ImageToolkit.Domain.csproj", "{0F9BC3CA-85A7-4EBA-8964-5C25493365BD}"
EndProject
Project("{FAE04EC0-301F-11D3-BF4B-00C04F79EFBC}") = "ImageToolkit.Infrastructure", "src\ImageToolkit.Infrastructure\ImageToolkit.Infrastructure.csproj", "{F47B71C6-1C38-473D-96D9-D3224482305F}"
EndProject
Project("{FAE04EC0-301F-11D3-BF4B-00C04F79EFBC}") = "ImageToolkit.Infrastructure.AI", "src\ImageToolkit.Infrastructure.AI\ImageToolkit.Infrastructure.AI.csproj", "{B2437E08-2653-40CB-8520-433B2C8B7533}"
EndProject
Project("{2150E333-8FDC-42A3-9474-1A3956D46DE8}") = "tests", "tests", "{0AB3BF05-4346-4AA6-1389-037BE0695223}"
EndProject
Project("{FAE04EC0-301F-11D3-BF4B-00C04F79EFBC}") = "ImageToolkit.Domain.Tests", "tests\ImageToolkit.Domain.Tests\ImageToolkit.Domain.Tests.csproj", "{8CACCEF7-5E1E-48D3-B250-C718E75623FF}"
EndProject
Project("{FAE04EC0-301F-11D3-BF4B-00C04F79EFBC}") = "ImageToolkit.Application.Tests", "tests\ImageToolkit.Application.Tests\ImageToolkit.Application.Tests.csproj", "{9E0B07A0-131A-4D5E-95DF-15C599BAB2A1}"
EndProject
Project("{FAE04EC0-301F-11D3-BF4B-00C04F79EFBC}") = "ImageToolkit.Infrastructure.Tests", "tests\ImageToolkit.Infrastructure.Tests\ImageToolkit.Infrastructure.Tests.csproj", "{F2F7A982-3CF2-4146-8634-C18D0D8DFB59}"
EndProject
Project("{FAE04EC0-301F-11D3-BF4B-00C04F79EFBC}") = "ImageToolkit.App.Tests", "tests\ImageToolkit.App.Tests\ImageToolkit.App.Tests.csproj", "{7AF92B18-0D4F-4402-9435-9F9CB0F5B32D}"
EndProject
Global
	GlobalSection(SolutionConfigurationPlatforms) = preSolution
		Debug|Any CPU = Debug|Any CPU
		Debug|x64 = Debug|x64
		Debug|x86 = Debug|x86
		Release|Any CPU = Release|Any CPU
		Release|x64 = Release|x64
		Release|x86 = Release|x86
	EndGlobalSection
	GlobalSection(ProjectConfigurationPlatforms) = postSolution
		{33C8C79B-C88D-4332-975D-6ED9B3791211}.Debug|Any CPU.ActiveCfg = Debug|Any CPU
		{33C8C79B-C88D-4332-975D-6ED9B3791211}.Debug|Any CPU.Build.0 = Debug|Any CPU
		{33C8C79B-C88D-4332-975D-6ED9B3791211}.Debug|x64.ActiveCfg = Debug|Any CPU
		{33C8C79B-C88D-4332-975D-6ED9B3791211}.Debug|x64.Build.0 = Debug|Any CPU
		{33C8C79B-C88D-4332-975D-6ED9B3791211}.Debug|x86.ActiveCfg = Debug|Any CPU
		{33C8C79B-C88D-4332-975D-6ED9B3791211}.Debug|x86.Build.0 = Debug|Any CPU
		{33C8C79B-C88D-4332-975D-6ED9B3791211}.Release|Any CPU.ActiveCfg = Release|Any CPU
		{33C8C79B-C88D-4332-975D-6ED9B3791211}.Release|Any CPU.Build.0 = Release|Any CPU
		{33C8C79B-C88D-4332-975D-6ED9B3791211}.Release|x64.ActiveCfg = Release|Any CPU
		{33C8C79B-C88D-4332-975D-6ED9B3791211}.Release|x64.Build.0 = Release|Any CPU
		{33C8C79B-C88D-4332-975D-6ED9B3791211}.Release|x86.ActiveCfg = Release|Any CPU
		{33C8C79B-C88D-4332-975D-6ED9B3791211}.Release|x86.Build.0 = Release|Any CPU
		{1B326C55-987D-4A6C-ACEC-1FCEE64CF03B}.Debug|Any CPU.ActiveCfg = Debug|Any CPU
		{1B326C55-987D-4A6C-ACEC-1FCEE64CF03B}.Debug|Any CPU.Build.0 = Debug|Any CPU
		{1B326C55-987D-4A6C-ACEC-1FCEE64CF03B}.Debug|x64.ActiveCfg = Debug|Any CPU
		{1B326C55-987D-4A6C-ACEC-1FCEE64CF03B}.Debug|x64.Build.0 = Debug|Any CPU
		{1B326C55-987D-4A6C-ACEC-1FCEE64CF03B}.Debug|x86.ActiveCfg = Debug|Any CPU
		{1B326C55-987D-4A6C-ACEC-1FCEE64CF03B}.Debug|x86.Build.0 = Debug|Any CPU
		{1B326C55-987D-4A6C-ACEC-1FCEE64CF03B}.Release|Any CPU.ActiveCfg = Release|Any CPU
		{1B326C55-987D-4A6C-ACEC-1FCEE64CF03B}.Release|Any CPU.Build.0 = Release|Any CPU
		{1B326C55-987D-4A6C-ACEC-1FCEE64CF03B}.Release|x64.ActiveCfg = Release|Any CPU
		{1B326C55-987D-4A6C-ACEC-1FCEE64CF03B}.Release|x64.Build.0 = Release|Any CPU
		{1B326C55-987D-4A6C-ACEC-1FCEE64CF03B}.Release|x86.ActiveCfg = Release|Any CPU
		{1B326C55-987D-4A6C-ACEC-1FCEE64CF03B}.Release|x86.Build.0 = Release|Any CPU
		{0F9BC3CA-85A7-4EBA-8964-5C25493365BD}.Debug|Any CPU.ActiveCfg = Debug|Any CPU
		{0F9BC3CA-85A7-4EBA-8964-5C25493365BD}.Debug|Any CPU.Build.0 = Debug|Any CPU
		{0F9BC3CA-85A7-4EBA-8964-5C25493365BD}.Debug|x64.ActiveCfg = Debug|Any CPU
		{0F9BC3CA-85A7-4EBA-8964-5C25493365BD}.Debug|x64.Build.0 = Debug|Any CPU
		{0F9BC3CA-85A7-4EBA-8964-5C25493365BD}.Debug|x86.ActiveCfg = Debug|Any CPU
		{0F9BC3CA-85A7-4EBA-8964-5C25493365BD}.Debug|x86.Build.0 = Debug|Any CPU
		{0F9BC3CA-85A7-4EBA-8964-5C25493365BD}.Release|Any CPU.ActiveCfg = Release|Any CPU
		{0F9BC3CA-85A7-4EBA-8964-5C25493365BD}.Release|Any CPU.Build.0 = Release|Any CPU
		{0F9BC3CA-85A7-4EBA-8964-5C25493365BD}.Release|x64.ActiveCfg = Release|Any CPU
		{0F9BC3CA-85A7-4EBA-8964-5C25493365BD}.Release|x64.Build.0 = Release|Any CPU
		{0F9BC3CA-85A7-4EBA-8964-5C25493365BD}.Release|x86.ActiveCfg = Release|Any CPU
		{0F9BC3CA-85A7-4EBA-8964-5C25493365BD}.Release|x86.Build.0 = Release|Any CPU
		{F47B71C6-1C38-473D-96D9-D3224482305F}.Debug|Any CPU.ActiveCfg = Debug|Any CPU
		{F47B71C6-1C38-473D-96D9-D3224482305F}.Debug|Any CPU.Build.0 = Debug|Any CPU
		{F47B71C6-1C38-473D-96D9-D3224482305F}.Debug|x64.ActiveCfg = Debug|Any CPU
		{F47B71C6-1C38-473D-96D9-D3224482305F}.Debug|x64.Build.0 = Debug|Any CPU
		{F47B71C6-1C38-473D-96D9-D3224482305F}.Debug|x86.ActiveCfg = Debug|Any CPU
		{F47B71C6-1C38-473D-96D9-D3224482305F}.Debug|x86.Build.0 = Debug|Any CPU
		{F47B71C6-1C38-473D-96D9-D3224482305F}.Release|Any CPU.ActiveCfg = Release|Any CPU
		{F47B71C6-1C38-473D-96D9-D3224482305F}.Release|Any CPU.Build.0 = Release|Any CPU
		{F47B71C6-1C38-473D-96D9-D3224482305F}.Release|x64.ActiveCfg = Release|Any CPU
		{F47B71C6-1C38-473D-96D9-D3224482305F}.Release|x64.Build.0 = Release|Any CPU
		{F47B71C6-1C38-473D-96D9-D3224482305F}.Release|x86.ActiveCfg = Release|Any CPU
		{F47B71C6-1C38-473D-96D9-D3224482305F}.Release|x86.Build.0 = Release|Any CPU
		{B2437E08-2653-40CB-8520-433B2C8B7533}.Debug|Any CPU.ActiveCfg = Debug|Any CPU
		{B2437E08-2653-40CB-8520-433B2C8B7533}.Debug|Any CPU.Build.0 = Debug|Any CPU
		{B2437E08-2653-40CB-8520-433B2C8B7533}.Debug|x64.ActiveCfg = Debug|Any CPU
		{B2437E08-2653-40CB-8520-433B2C8B7533}.Debug|x64.Build.0 = Debug|Any CPU
		{B2437E08-2653-40CB-8520-433B2C8B7533}.Debug|x86.ActiveCfg = Debug|Any CPU
		{B2437E08-2653-40CB-8520-433B2C8B7533}.Debug|x86.Build.0 = Debug|Any CPU
		{B2437E08-2653-40CB-8520-433B2C8B7533}.Release|Any CPU.ActiveCfg = Release|Any CPU
		{B2437E08-2653-40CB-8520-433B2C8B7533}.Release|Any CPU.Build.0 = Release|Any CPU
		{B2437E08-2653-40CB-8520-433B2C8B7533}.Release|x64.ActiveCfg = Release|Any CPU
		{B2437E08-2653-40CB-8520-433B2C8B7533}.Release|x64.Build.0 = Release|Any CPU
		{B2437E08-2653-40CB-8520-433B2C8B7533}.Release|x86.ActiveCfg = Release|Any CPU
		{B2437E08-2653-40CB-8520-433B2C8B7533}.Release|x86.Build.0 = Release|Any CPU
		{8CACCEF7-5E1E-48D3-B250-C718E75623FF}.Debug|Any CPU.ActiveCfg = Debug|Any CPU
		{8CACCEF7-5E1E-48D3-B250-C718E75623FF}.Debug|Any CPU.Build.0 = Debug|Any CPU
		{8CACCEF7-5E1E-48D3-B250-C718E75623FF}.Debug|x64.ActiveCfg = Debug|Any CPU
		{8CACCEF7-5E1E-48D3-B250-C718E75623FF}.Debug|x64.Build.0 = Debug|Any CPU
		{8CACCEF7-5E1E-48D3-B250-C718E75623FF}.Debug|x86.ActiveCfg = Debug|Any CPU
		{8CACCEF7-5E1E-48D3-B250-C718E75623FF}.Debug|x86.Build.0 = Debug|Any CPU
		{8CACCEF7-5E1E-48D3-B250-C718E75623FF}.Release|Any CPU.ActiveCfg = Release|Any CPU
		{8CACCEF7-5E1E-48D3-B250-C718E75623FF}.Release|Any CPU.Build.0 = Release|Any CPU
		{8CACCEF7-5E1E-48D3-B250-C718E75623FF}.Release|x64.ActiveCfg = Release|Any CPU
		{8CACCEF7-5E1E-48D3-B250-C718E75623FF}.Release|x64.Build.0 = Release|Any CPU
		{8CACCEF7-5E1E-48D3-B250-C718E75623FF}.Release|x86.ActiveCfg = Release|Any CPU
		{8CACCEF7-5E1E-48D3-B250-C718E75623FF}.Release|x86.Build.0 = Release|Any CPU
		{9E0B07A0-131A-4D5E-95DF-15C599BAB2A1}.Debug|Any CPU.ActiveCfg = Debug|Any CPU
		{9E0B07A0-131A-4D5E-95DF-15C599BAB2A1}.Debug|Any CPU.Build.0 = Debug|Any CPU
		{9E0B07A0-131A-4D5E-95DF-15C599BAB2A1}.Debug|x64.ActiveCfg = Debug|Any CPU
		{9E0B07A0-131A-4D5E-95DF-15C599BAB2A1}.Debug|x64.Build.0 = Debug|Any CPU
		{9E0B07A0-131A-4D5E-95DF-15C599BAB2A1}.Debug|x86.ActiveCfg = Debug|Any CPU
		{9E0B07A0-131A-4D5E-95DF-15C599BAB2A1}.Debug|x86.Build.0 = Debug|Any CPU
		{9E0B07A0-131A-4D5E-95DF-15C599BAB2A1}.Release|Any CPU.ActiveCfg = Release|Any CPU
		{9E0B07A0-131A-4D5E-95DF-15C599BAB2A1}.Release|Any CPU.Build.0 = Release|Any CPU
		{9E0B07A0-131A-4D5E-95DF-15C599BAB2A1}.Release|x64.ActiveCfg = Release|Any CPU
		{9E0B07A0-131A-4D5E-95DF-15C599BAB2A1}.Release|x64.Build.0 = Release|Any CPU
		{9E0B07A0-131A-4D5E-95DF-15C599BAB2A1}.Release|x86.ActiveCfg = Release|Any CPU
		{9E0B07A0-131A-4D5E-95DF-15C599BAB2A1}.Release|x86.Build.0 = Release|Any CPU
		{F2F7A982-3CF2-4146-8634-C18D0D8DFB59}.Debug|Any CPU.ActiveCfg = Debug|Any CPU
		{F2F7A982-3CF2-4146-8634-C18D0D8DFB59}.Debug|Any CPU.Build.0 = Debug|Any CPU
		{F2F7A982-3CF2-4146-8634-C18D0D8DFB59}.Debug|x64.ActiveCfg = Debug|Any CPU
		{F2F7A982-3CF2-4146-8634-C18D0D8DFB59}.Debug|x64.Build.0 = Debug|Any CPU
		{F2F7A982-3CF2-4146-8634-C18D0D8DFB59}.Debug|x86.ActiveCfg = Debug|Any CPU
		{F2F7A982-3CF2-4146-8634-C18D0D8DFB59}.Debug|x86.Build.0 = Debug|Any CPU
		{F2F7A982-3CF2-4146-8634-C18D0D8DFB59}.Release|Any CPU.ActiveCfg = Release|Any CPU
		{F2F7A982-3CF2-4146-8634-C18D0D8DFB59}.Release|Any CPU.Build.0 = Release|Any CPU
		{F2F7A982-3CF2-4146-8634-C18D0D8DFB59}.Release|x64.ActiveCfg = Release|Any CPU
		{F2F7A982-3CF2-4146-8634-C18D0D8DFB59}.Release|x64.Build.0 = Release|Any CPU
		{F2F7A982-3CF2-4146-8634-C18D0D8DFB59}.Release|x86.ActiveCfg = Release|Any CPU
		{F2F7A982-3CF2-4146-8634-C18D0D8DFB59}.Release|x86.Build.0 = Release|Any CPU
		{7AF92B18-0D4F-4402-9435-9F9CB0F5B32D}.Debug|Any CPU.ActiveCfg = Debug|Any CPU
		{7AF92B18-0D4F-4402-9435-9F9CB0F5B32D}.Debug|Any CPU.Build.0 = Debug|Any CPU
		{7AF92B18-0D4F-4402-9435-9F9CB0F5B32D}.Debug|x64.ActiveCfg = Debug|Any CPU
		{7AF92B18-0D4F-4402-9435-9F9CB0F5B32D}.Debug|x64.Build.0 = Debug|Any CPU
		{7AF92B18-0D4F-4402-9435-9F9CB0F5B32D}.Debug|x86.ActiveCfg = Debug|Any CPU
		{7AF92B18-0D4F-4402-9435-9F9CB0F5B32D}.Debug|x86.Build.0 = Debug|Any CPU
		{7AF92B18-0D4F-4402-9435-9F9CB0F5B32D}.Release|Any CPU.ActiveCfg = Release|Any CPU
		{7AF92B18-0D4F-4402-9435-9F9CB0F5B32D}.Release|Any CPU.Build.0 = Release|Any CPU
		{7AF92B18-0D4F-4402-9435-9F9CB0F5B32D}.Release|x64.ActiveCfg = Release|Any CPU
		{7AF92B18-0D4F-4402-9435-9F9CB0F5B32D}.Release|x64.Build.0 = Release|Any CPU
		{7AF92B18-0D4F-4402-9435-9F9CB0F5B32D}.Release|x86.ActiveCfg = Release|Any CPU
		{7AF92B18-0D4F-4402-9435-9F9CB0F5B32D}.Release|x86.Build.0 = Release|Any CPU
	EndGlobalSection
	GlobalSection(SolutionProperties) = preSolution
		HideSolutionNode = FALSE
	EndGlobalSection
	GlobalSection(NestedProjects) = preSolution
		{33C8C79B-C88D-4332-975D-6ED9B3791211} = {827E0CD3-B72D-47B6-A68D-7590B98EB39B}
		{1B326C55-987D-4A6C-ACEC-1FCEE64CF03B} = {827E0CD3-B72D-47B6-A68D-7590B98EB39B}
		{0F9BC3CA-85A7-4EBA-8964-5C25493365BD} = {827E0CD3-B72D-47B6-A68D-7590B98EB39B}
		{F47B71C6-1C38-473D-96D9-D3224482305F} = {827E0CD3-B72D-47B6-A68D-7590B98EB39B}
		{B2437E08-2653-40CB-8520-433B2C8B7533} = {827E0CD3-B72D-47B6-A68D-7590B98EB39B}
		{8CACCEF7-5E1E-48D3-B250-C718E75623FF} = {0AB3BF05-4346-4AA6-1389-037BE0695223}
		{9E0B07A0-131A-4D5E-95DF-15C599BAB2A1} = {0AB3BF05-4346-4AA6-1389-037BE0695223}
		{F2F7A982-3CF2-4146-8634-C18D0D8DFB59} = {0AB3BF05-4346-4AA6-1389-037BE0695223}
		{7AF92B18-0D4F-4402-9435-9F9CB0F5B32D} = {0AB3BF05-4346-4AA6-1389-037BE0695223}
	EndGlobalSection
EndGlobal
